// !$*UTF8*$!
{
	archiveVersion = 1;
	classes = {
	};
	objectVersion = 46;
	objects = {

/* Begin PBXBuildFile section */
		2FD95CC61A83A56000F339F9 /* CalculatorBrain.swift in Sources */ = {isa = PBXBuildFile; fileRef = 2FD95CC51A83A56000F339F9 /* CalculatorBrain.swift */; };
		2FEDCE301A80F7D2006FD4AC /* AppDelegate.swift in Sources */ = {isa = PBXBuildFile; fileRef = 2FEDCE2F1A80F7D2006FD4AC /* AppDelegate.swift */; };
		2FEDCE321A80F7D2006FD4AC /* ViewController.swift in Sources */ = {isa = PBXBuildFile; fileRef = 2FEDCE311A80F7D2006FD4AC /* ViewController.swift */; };
		2FEDCE351A80F7D2006FD4AC /* Main.storyboard in Resources */ = {isa = PBXBuildFile; fileRef = 2FEDCE331A80F7D2006FD4AC /* Main.storyboard */; };
		2FEDCE371A80F7D2006FD4AC /* Images.xcassets in Resources */ = {isa = PBXBuildFile; fileRef = 2FEDCE361A80F7D2006FD4AC /* Images.xcassets */; };
		2FEDCE3A1A80F7D2006FD4AC /* LaunchScreen.xib in Resources */ = {isa = PBXBuildFile; fileRef = 2FEDCE381A80F7D2006FD4AC /* LaunchScreen.xib */; };
		2FEDCE461A80F7D2006FD4AC /* CalculatorSwiftTests.swift in Sources */ = {isa = PBXBuildFile; fileRef = 2FEDCE451A80F7D2006FD4AC /* CalculatorSwiftTests.swift */; };
		47C7BBE91A95FBED00712A03 /* AxesDrawer.swift in Sources */ = {isa = PBXBuildFile; fileRef = 47C7BBE81A95FBED00712A03 /* AxesDrawer.swift */; };
/* End PBXBuildFile section */

/* Begin PBXContainerItemProxy section */
		2FEDCE401A80F7D2006FD4AC /* PBXContainerItemProxy */ = {
			isa = PBXContainerItemProxy;
			containerPortal = 2FEDCE221A80F7D2006FD4AC /* Project object */;
			proxyType = 1;
			remoteGlobalIDString = 2FEDCE291A80F7D2006FD4AC;
			remoteInfo = CalculatorSwift;
		};
/* End PBXContainerItemProxy section */

/* Begin PBXFileReference section */
		2FD95CC51A83A56000F339F9 /* CalculatorBrain.swift */ = {isa = PBXFileReference; fileEncoding = 4; lastKnownFileType = sourcecode.swift; path = CalculatorBrain.swift; sourceTree = "<group>"; };
		2FEDCE2A1A80F7D2006FD4AC /* CalculatorSwift.app */ = {isa = PBXFileReference; explicitFileType = wrapper.application; includeInIndex = 0; path = CalculatorSwift.app; sourceTree = BUILT_PRODUCTS_DIR; };
		2FEDCE2E1A80F7D2006FD4AC /* Info.plist */ = {isa = PBXFileReference; lastKnownFileType = text.plist.xml; path = Info.plist; sourceTree = "<group>"; };
		2FEDCE2F1A80F7D2006FD4AC /* AppDelegate.swift */ = {isa = PBXFileReference; lastKnownFileType = sourcecode.swift; path = AppDelegate.swift; sourceTree = "<group>"; };
		2FEDCE311A80F7D2006FD4AC /* ViewController.swift */ = {isa = PBXFileReference; lastKnownFileType = sourcecode.swift; path = ViewController.swift; sourceTree = "<group>"; };
		2FEDCE341A80F7D2006FD4AC /* Base */ = {isa = PBXFileReference; lastKnownFileType = file.storyboard; name = Base; path = Base.lproj/Main.storyboard; sourceTree = "<group>"; };
		2FEDCE361A80F7D2006FD4AC /* Images.xcassets */ = {isa = PBXFileReference; lastKnownFileType = folder.assetcatalog; path = Images.xcassets; sourceTree = "<group>"; };
		2FEDCE391A80F7D2006FD4AC /* Base */ = {isa = PBXFileReference; lastKnownFileType = file.xib; name = Base; path = Base.lproj/LaunchScreen.xib; sourceTree = "<group>"; };
		2FEDCE3F1A80F7D2006FD4AC /* CalculatorSwiftTests.xctest */ = {isa = PBXFileReference; explicitFileType = wrapper.cfbundle; includeInIndex = 0; path = CalculatorSwiftTests.xctest; sourceTree = BUILT_PRODUCTS_DIR; };
		2FEDCE441A80F7D2006FD4AC /* Info.plist */ = {isa = PBXFileReference; lastKnownFileType = text.plist.xml; path = Info.plist; sourceTree = "<group>"; };
		2FEDCE451A80F7D2006FD4AC /* CalculatorSwiftTests.swift */ = {isa = PBXFileReference; lastKnownFileType = sourcecode.swift; path = CalculatorSwiftTests.swift; sourceTree = "<group>"; };
		47C7BBE81A95FBED00712A03 /* AxesDrawer.swift */ = {isa = PBXFileReference; fileEncoding = 4; lastKnownFileType = sourcecode.swift; path = AxesDrawer.swift; sourceTree = "<group>"; };
/* End PBXFileReference section */

/* Begin PBXFrameworksBuildPhase section */
		2FEDCE271A80F7D2006FD4AC /* Frameworks */ = {
			isa = PBXFrameworksBuildPhase;
			buildActionMask = 2147483647;
			files = (
			);
			runOnlyForDeploymentPostprocessing = 0;
		};
		2FEDCE3C1A80F7D2006FD4AC /* Frameworks */ = {
			isa = PBXFrameworksBuildPhase;
			buildActionMask = 2147483647;
			files = (
			);
			runOnlyForDeploymentPostprocessing = 0;
		};
/* End PBXFrameworksBuildPhase section */

/* Begin PBXGroup section */
		2FEDCE211A80F7D2006FD4AC = {
			isa = PBXGroup;
			children = (
				2FEDCE2C1A80F7D2006FD4AC /* CalculatorSwift */,
				2FEDCE421A80F7D2006FD4AC /* CalculatorSwiftTests */,
				2FEDCE2B1A80F7D2006FD4AC /* Products */,
			);
			sourceTree = "<group>";
		};
		2FEDCE2B1A80F7D2006FD4AC /* Products */ = {
			isa = PBXGroup;
			children = (
				2FEDCE2A1A80F7D2006FD4AC /* CalculatorSwift.app */,
				2FEDCE3F1A80F7D2006FD4AC /* CalculatorSwiftTests.xctest */,
			);
			name = Products;
			sourceTree = "<group>";
		};
		2FEDCE2C1A80F7D2006FD4AC /* CalculatorSwift */ = {
			isa = PBXGroup;
			children = (
				47C7BBE81A95FBED00712A03 /* AxesDrawer.swift */,
				2FEDCE311A80F7D2006FD4AC /* ViewController.swift */,
				2FD95CC51A83A56000F339F9 /* CalculatorBrain.swift */,
				2FEDCE331A80F7D2006FD4AC /* Main.storyboard */,
				2FEDCE381A80F7D2006FD4AC /* LaunchScreen.xib */,
				2FEDCE2D1A80F7D2006FD4AC /* Supporting Files */,
			);
			path = CalculatorSwift;
			sourceTree = "<group>";
		};
		2FEDCE2D1A80F7D2006FD4AC /* Supporting Files */ = {
			isa = PBXGroup;
			children = (
				2FEDCE361A80F7D2006FD4AC /* Images.xcassets */,
				2FEDCE2F1A80F7D2006FD4AC /* AppDelegate.swift */,
				2FEDCE2E1A80F7D2006FD4AC /* Info.plist */,
			);
			name = "Supporting Files";
			sourceTree = "<group>";
		};
		2FEDCE421A80F7D2006FD4AC /* CalculatorSwiftTests */ = {
			isa = PBXGroup;
			children = (
				2FEDCE451A80F7D2006FD4AC /* CalculatorSwiftTests.swift */,
				2FEDCE431A80F7D2006FD4AC /* Supporting Files */,
			);
			path = CalculatorSwiftTests;
			sourceTree = "<group>";
		};
		2FEDCE431A80F7D2006FD4AC /* Supporting Files */ = {
			isa = PBXGroup;
			children = (
				2FEDCE441A80F7D2006FD4AC /* Info.plist */,
			);
			name = "Supporting Files";
			sourceTree = "<group>";
		};
/* End PBXGroup section */

/* Begin PBXNativeTarget section */
		2FEDCE291A80F7D2006FD4AC /* CalculatorSwift */ = {
			isa = PBXNativeTarget;
			buildConfigurationList = 2FEDCE491A80F7D2006FD4AC /* Build configuration list for PBXNativeTarget "CalculatorSwift" */;
			buildPhases = (
				2FEDCE261A80F7D2006FD4AC /* Sources */,
				2FEDCE271A80F7D2006FD4AC /* Frameworks */,
				2FEDCE281A80F7D2006FD4AC /* Resources */,
			);
			buildRules = (
			);
			dependencies = (
			);
			name = CalculatorSwift;
			productName = CalculatorSwift;
			productReference = 2FEDCE2A1A80F7D2006FD4AC /* CalculatorSwift.app */;
			productType = "com.apple.product-type.application";
		};
		2FEDCE3E1A80F7D2006FD4AC /* CalculatorSwiftTests */ = {
			isa = PBXNativeTarget;
			buildConfigurationList = 2FEDCE4C1A80F7D2006FD4AC /* Build configuration list for PBXNativeTarget "CalculatorSwiftTests" */;
			buildPhases = (
				2FEDCE3B1A80F7D2006FD4AC /* Sources */,
				2FEDCE3C1A80F7D2006FD4AC /* Frameworks */,
				2FEDCE3D1A80F7D2006FD4AC /* Resources */,
			);
			buildRules = (
			);
			dependencies = (
				2FEDCE411A80F7D2006FD4AC /* PBXTargetDependency */,
			);
			name = CalculatorSwiftTests;
			productName = CalculatorSwiftTests;
			productReference = 2FEDCE3F1A80F7D2006FD4AC /* CalculatorSwiftTests.xctest */;
			productType = "com.apple.product-type.bundle.unit-test";
		};
/* End PBXNativeTarget section */

/* Begin PBXProject section */
		2FEDCE221A80F7D2006FD4AC /* Project object */ = {
			isa = PBXProject;
			attributes = {
				LastUpgradeCheck = 0610;
				ORGANIZATIONNAME = "Solinst Canada";
				TargetAttributes = {
					2FEDCE291A80F7D2006FD4AC = {
						CreatedOnToolsVersion = 6.1.1;
					};
					2FEDCE3E1A80F7D2006FD4AC = {
						CreatedOnToolsVersion = 6.1.1;
						TestTargetID = 2FEDCE291A80F7D2006FD4AC;
					};
				};
			};
			buildConfigurationList = 2FEDCE251A80F7D2006FD4AC /* Build configuration list for PBXProject "CalculatorSwift" */;
			compatibilityVersion = "Xcode 3.2";
			developmentRegion = English;
			hasScannedForEncodings = 0;
			knownRegions = (
				en,
				Base,
			);
			mainGroup = 2FEDCE211A80F7D2006FD4AC;
			productRefGroup = 2FEDCE2B1A80F7D2006FD4AC /* Products */;
			projectDirPath = "";
			projectRoot = "";
			targets = (
				2FEDCE291A80F7D2006FD4AC /* CalculatorSwift */,
				2FEDCE3E1A80F7D2006FD4AC /* CalculatorSwiftTests */,
			);
		};
/* End PBXProject section */

/* Begin PBXResourcesBuildPhase section */
		2FEDCE281A80F7D2006FD4AC /* Resources */ = {
			isa = PBXResourcesBuildPhase;
			buildActionMask = 2147483647;
			files = (
				2FEDCE351A80F7D2006FD4AC /* Main.storyboard in Resources */,
				2FEDCE3A1A80F7D2006FD4AC /* LaunchScreen.xib in Resources */,
				2FEDCE371A80F7D2006FD4AC /* Images.xcassets in Resources */,
			);
			runOnlyForDeploymentPostprocessing = 0;
		};
		2FEDCE3D1A80F7D2006FD4AC /* Resources */ = {
			isa = PBXResourcesBuildPhase;
			buildActionMask = 2147483647;
			files = (
			);
			runOnlyForDeploymentPostprocessing = 0;
		};
/* End PBXResourcesBuildPhase section */

/* Begin PBXSourcesBuildPhase section */
		2FEDCE261A80F7D2006FD4AC /* Sources */ = {
			isa = PBXSourcesBuildPhase;
			buildActionMask = 2147483647;
			files = (
				2FD95CC61A83A56000F339F9 /* CalculatorBrain.swift in Sources */,
				47C7BBE91A95FBED00712A03 /* AxesDrawer.swift in Sources */,
				2FEDCE321A80F7D2006FD4AC /* ViewController.swift in Sources */,
				2FEDCE301A80F7D2006FD4AC /* AppDelegate.swift in Sources */,
			);
			runOnlyForDeploymentPostprocessing = 0;
		};
		2FEDCE3B1A80F7D2006FD4AC /* Sources */ = {
			isa = PBXSourcesBuildPhase;
			buildActionMask = 2147483647;
			files = (
				2FEDCE461A80F7D2006FD4AC /* CalculatorSwiftTests.swift in Sources */,
			);
			runOnlyForDeploymentPostprocessing = 0;
		};
/* End PBXSourcesBuildPhase section */

/* Begin PBXTargetDependency section */
		2FEDCE411A80F7D2006FD4AC /* PBXTargetDependency */ = {
			isa = PBXTargetDependency;
			target = 2FEDCE291A80F7D2006FD4AC /* CalculatorSwift */;
			targetProxy = 2FEDCE401A80F7D2006FD4AC /* PBXContainerItemProxy */;
		};
/* End PBXTargetDependency section */

/* Begin PBXVariantGroup section */
		2FEDCE331A80F7D2006FD4AC /* Main.storyboard */ = {
			isa = PBXVariantGroup;
			children = (
				2FEDCE341A80F7D2006FD4AC /* Base */,
			);
			name = Main.storyboard;
			sourceTree = "<group>";
		};
		2FEDCE381A80F7D2006FD4AC /* LaunchScreen.xib */ = {
			isa = PBXVariantGroup;
			children = (
				2FEDCE391A80F7D2006FD4AC /* Base */,
			);
			name = LaunchScreen.xib;
			sourceTree = "<group>";
		};
/* End PBXVariantGroup section */

/* Begin XCBuildConfiguration section */
		2FEDCE471A80F7D2006FD4AC /* Debug */ = {
			isa = XCBuildConfiguration;
			buildSettings = {
				ALWAYS_SEARCH_USER_PATHS = NO;
				CLANG_CXX_LANGUAGE_STANDARD = "gnu++0x";
				CLANG_CXX_LIBRARY = "libc++";
				CLANG_ENABLE_MODULES = YES;
				CLANG_ENABLE_OBJC_ARC = YES;
				CLANG_WARN_BOOL_CONVERSION = YES;
				CLANG_WARN_CONSTANT_CONVERSION = YES;
				CLANG_WARN_DIRECT_OBJC_ISA_USAGE = YES_ERROR;
				CLANG_WARN_EMPTY_BODY = YES;
				CLANG_WARN_ENUM_CONVERSION = YES;
				CLANG_WARN_INT_CONVERSION = YES;
				CLANG_WARN_OBJC_ROOT_CLASS = YES_ERROR;
				CLANG_WARN_UNREACHABLE_CODE = YES;
				CLANG_WARN__DUPLICATE_METHOD_MATCH = YES;
				"CODE_SIGN_IDENTITY[sdk=iphoneos*]" = "iPhone Developer";
				COPY_PHASE_STRIP = NO;
				ENABLE_STRICT_OBJC_MSGSEND = YES;
				GCC_C_LANGUAGE_STANDARD = gnu99;
				GCC_DYNAMIC_NO_PIC = NO;
				GCC_OPTIMIZATION_LEVEL = 0;
				GCC_PREPROCESSOR_DEFINITIONS = (
					"DEBUG=1",
					"$(inherited)",
				);
				GCC_SYMBOLS_PRIVATE_EXTERN = NO;
				GCC_WARN_64_TO_32_BIT_CONVERSION = YES;
				GCC_WARN_ABOUT_RETURN_TYPE = YES_ERROR;
				GCC_WARN_UNDECLARED_SELECTOR = YES;
				GCC_WARN_UNINITIALIZED_AUTOS = YES_AGGRESSIVE;
				GCC_WARN_UNUSED_FUNCTION = YES;
				GCC_WARN_UNUSED_VARIABLE = YES;
				IPHONEOS_DEPLOYMENT_TARGET = 8.1;
				MTL_ENABLE_DEBUG_INFO = YES;
				ONLY_ACTIVE_ARCH = YES;
				SDKROOT = iphoneos;
				SWIFT_OPTIMIZATION_LEVEL = "-Onone";
			};
			name = Debug;
		};
		2FEDCE481A80F7D2006FD4AC /* Release */ = {
			isa = XCBuildConfiguration;
			buildSettings = {
				ALWAYS_SEARCH_USER_PATHS = NO;
				CLANG_CXX_LANGUAGE_STANDARD = "gnu++0x";
				CLANG_CXX_LIBRARY = "libc++";
				CLANG_ENABLE_MODULES = YES;
				CLANG_ENABLE_OBJC_ARC = YES;
				CLANG_WARN_BOOL_CONVERSION = YES;
				CLANG_WARN_CONSTANT_CONVERSION = YES;
				CLANG_WARN_DIRECT_OBJC_ISA_USAGE = YES_ERROR;
				CLANG_WARN_EMPTY_BODY = YES;
				CLANG_WARN_ENUM_CONVERSION = YES;
				CLANG_WARN_INT_CONVERSION = YES;
				CLANG_WARN_OBJC_ROOT_CLASS = YES_ERROR;
				CLANG_WARN_UNREACHABLE_CODE = YES;
				CLANG_WARN__DUPLICATE_METHOD_MATCH = YES;
				"CODE_SIGN_IDENTITY[sdk=iphoneos*]" = "iPhone Developer";
				COPY_PHASE_STRIP = YES;
				ENABLE_NS_ASSERTIONS = NO;
				ENABLE_STRICT_OBJC_MSGSEND = YES;
				GCC_C_LANGUAGE_STANDARD = gnu99;
				GCC_WARN_64_TO_32_BIT_CONVERSION = YES;
				GCC_WARN_ABOUT_RETURN_TYPE = YES_ERROR;
				GCC_WARN_UNDECLARED_SELECTOR = YES;
				GCC_WARN_UNINITIALIZED_AUTOS = YES_AGGRESSIVE;
				GCC_WARN_UNUSED_FUNCTION = YES;
				GCC_WARN_UNUSED_VARIABLE = YES;
				IPHONEOS_DEPLOYMENT_TARGET = 8.1;
				MTL_ENABLE_DEBUG_INFO = NO;
				SDKROOT = iphoneos;
				VALIDATE_PRODUCT = YES;
			};
			name = Release;
		};
		2FEDCE4A1A80F7D2006FD4AC /* Debug */ = {
			isa = XCBuildConfiguration;
			buildSettings = {
				ASSETCATALOG_COMPILER_APPICON_NAME = AppIcon;
				INFOPLIST_FILE = CalculatorSwift/Info.plist;
				LD_RUNPATH_SEARCH_PATHS = "$(inherited) @executable_path/Frameworks";
				PRODUCT_NAME = "$(TARGET_NAME)";
			};
			name = Debug;
		};
		2FEDCE4B1A80F7D2006FD4AC /* Release */ = {
			isa = XCBuildConfiguration;
			buildSettings = {
				ASSETCATALOG_COMPILER_APPICON_NAME = AppIcon;
				INFOPLIST_FILE = CalculatorSwift/Info.plist;
				LD_RUNPATH_SEARCH_PATHS = "$(inherited) @executable_path/Frameworks";
				PRODUCT_NAME = "$(TARGET_NAME)";
			};
			name = Release;
		};
		2FEDCE4D1A80F7D2006FD4AC /* Debug */ = {
			isa = XCBuildConfiguration;
			buildSettings = {
				BUNDLE_LOADER = "$(TEST_HOST)";
				FRAMEWORK_SEARCH_PATHS = (
					"$(SDKROOT)/Developer/Library/Frameworks",
					"$(inherited)",
				);
				GCC_PREPROCESSOR_DEFINITIONS = (
					"DEBUG=1",
					"$(inherited)",
				);
				INFOPLIST_FILE = CalculatorSwiftTests/Info.plist;
				LD_RUNPATH_SEARCH_PATHS = "$(inherited) @executable_path/Frameworks @loader_path/Frameworks";
				PRODUCT_NAME = "$(TARGET_NAME)";
				TEST_HOST = "$(BUILT_PRODUCTS_DIR)/CalculatorSwift.app/CalculatorSwift";
			};
			name = Debug;
		};
		2FEDCE4E1A80F7D2006FD4AC /* Release */ = {
			isa = XCBuildConfiguration;
			buildSettings = {
				BUNDLE_LOADER = "$(TEST_HOST)";
				FRAMEWORK_SEARCH_PATHS = (
					"$(SDKROOT)/Developer/Library/Frameworks",
					"$(inherited)",
				);
				INFOPLIST_FILE = CalculatorSwiftTests/Info.plist;
				LD_RUNPATH_SEARCH_PATHS = "$(inherited) @executable_path/Frameworks @loader_path/Frameworks";
				PRODUCT_NAME = "$(TARGET_NAME)";
				TEST_HOST = "$(BUILT_PRODUCTS_DIR)/CalculatorSwift.app/CalculatorSwift";
			};
			name = Release;
		};
/* End XCBuildConfiguration section */

/* Begin XCConfigurationList section */
		2FEDCE251A80F7D2006FD4AC /* Build configuration list for PBXProject "CalculatorSwift" */ = {
			isa = XCConfigurationList;
			buildConfigurations = (
				2FEDCE471A80F7D2006FD4AC /* Debug */,
				2FEDCE481A80F7D2006FD4AC /* Release */,
			);
			defaultConfigurationIsVisible = 0;
			defaultConfigurationName = Release;
		};
		2FEDCE491A80F7D2006FD4AC /* Build configuration list for PBXNativeTarget "CalculatorSwift" */ = {
			isa = XCConfigurationList;
			buildConfigurations = (
				2FEDCE4A1A80F7D2006FD4AC /* Debug */,
				2FEDCE4B1A80F7D2006FD4AC /* Release */,
			);
			defaultConfigurationIsVisible = 0;
			defaultConfigurationName = Release;
		};
		2FEDCE4C1A80F7D2006FD4AC /* Build configuration list for PBXNativeTarget "CalculatorSwiftTests" */ = {
			isa = XCConfigurationList;
			buildConfigurations = (
				2FEDCE4D1A80F7D2006FD4AC /* Debug */,
				2FEDCE4E1A80F7D2006FD4AC /* Release */,
			);
			defaultConfigurationIsVisible = 0;
			defaultConfigurationName = Release;
		};
/* End XCConfigurationList section */
	};
	rootObject = 2FEDCE221A80F7D2006FD4AC /* Project object */;
}
